
Microsoft Visual Studio Solution File, Format Version 12.00
# Visual Studio Version 17
VisualStudioVersion = 17.11.35208.52
MinimumVisualStudioVersion = 10.0.40219.1
Project("{FAE04EC0-301F-11D3-BF4B-00C04F79EFBC}") = "BigMacCo", "BigMacCo\BigMacCo.csproj", "{D82842A3-BEC0-4F34-998B-600F3FB159DF}"
EndProject
Global
	GlobalSection(SolutionConfigurationPlatforms) = preSolution
		Debug|Any CPU = Debug|Any CPU
		Release|Any CPU = Release|Any CPU
	EndGlobalSection
	GlobalSection(ProjectConfigurationPlatforms) = postSolution
		{D82842A3-BEC0-4F34-998B-600F3FB159DF}.Debug|Any CPU.ActiveCfg = Debug|Any CPU
		{D82842A3-BEC0-4F34-998B-600F3FB159DF}.Debug|Any CPU.Build.0 = Debug|Any CPU
		{D82842A3-BEC0-4F34-998B-600F3FB159DF}.Release|Any CPU.ActiveCfg = Release|Any CPU
		{D82842A3-BEC0-4F34-998B-600F3FB159DF}.Release|Any CPU.Build.0 = Release|Any CPU
	EndGlobalSection
	GlobalSection(SolutionProperties) = preSolution
		HideSolutionNode = FALSE
	EndGlobalSection
	GlobalSection(ExtensibilityGlobals) = postSolution
		SolutionGuid = {A692ECBE-A191-4053-B5AE-8FD6001ADF6C}
	EndGlobalSection
EndGlobal
